
Microsoft Visual Studio Solution File, Format Version 12.00
Project("{2150E333-8FDC-42A3-9474-1A3956D46DE8}") = "src", "src", "{5D9BEBD2-44FE-4B6E-B13E-9D1FA5BF6213}"
EndProject
Project("{2150E333-8FDC-42A3-9474-1A3956D46DE8}") = "Services", "Services", "{56DFD005-0B70-4429-97A4-DC793C5BA8DC}"
EndProject
Project("{2150E333-8FDC-42A3-9474-1A3956D46DE8}") = "StudentService", "StudentService", "{67443A82-912D-48E5-8623-E16D3C5C98BB}"
EndProject
Project("{2150E333-8FDC-42A3-9474-1A3956D46DE8}") = "Domain", "Domain", "{4E8FD0C8-43CF-47FB-A482-E903DA07C7D5}"
EndProject
Project("{FAE04EC0-301F-11D3-BF4B-00C04F79EFBC}") = "Eduhub.StudentService.Domain", "src\Services\StudentService\Domain\Eduhub.StudentService.Domain\Eduhub.StudentService.Domain.csproj", "{343EB29C-D060-4890-BA1A-AD2A8B92A9E5}"
EndProject
Project("{2150E333-8FDC-42A3-9474-1A3956D46DE8}") = "Tests", "Tests", "{7369230F-0438-4ECB-ABC1-9509C5207BAA}"
EndProject
Project("{2150E333-8FDC-42A3-9474-1A3956D46DE8}") = "Application", "Application", "{A380597E-9B3B-4087-8217-48ABE42643D4}"
EndProject
Project("{FAE04EC0-301F-11D3-BF4B-00C04F79EFBC}") = "EduHub.StudentService.Application.Services", "src\Services\StudentService\Application\EduHub.StudentService.Application.Services\EduHub.StudentService.Application.Services.csproj", "{8D8053B6-6FB1-441B-8064-3E013A1AD0F0}"
EndProject
Project("{FAE04EC0-301F-11D3-BF4B-00C04F79EFBC}") = "EduHub.StudentService.Tests.Unit", "src\Services\StudentService\Tests\EduHub.StudentService.Tests.Unit\EduHub.StudentService.Tests.Unit.csproj", "{520EB335-A5EE-4340-A3F2-98697279AFF8}"
EndProject
Global
	GlobalSection(SolutionConfigurationPlatforms) = preSolution
		Debug|Any CPU = Debug|Any CPU
		Release|Any CPU = Release|Any CPU
	EndGlobalSection
	GlobalSection(NestedProjects) = preSolution
		{56DFD005-0B70-4429-97A4-DC793C5BA8DC} = {5D9BEBD2-44FE-4B6E-B13E-9D1FA5BF6213}
		{67443A82-912D-48E5-8623-E16D3C5C98BB} = {56DFD005-0B70-4429-97A4-DC793C5BA8DC}
		{4E8FD0C8-43CF-47FB-A482-E903DA07C7D5} = {67443A82-912D-48E5-8623-E16D3C5C98BB}
		{343EB29C-D060-4890-BA1A-AD2A8B92A9E5} = {4E8FD0C8-43CF-47FB-A482-E903DA07C7D5}
		{7369230F-0438-4ECB-ABC1-9509C5207BAA} = {67443A82-912D-48E5-8623-E16D3C5C98BB}
		{A380597E-9B3B-4087-8217-48ABE42643D4} = {67443A82-912D-48E5-8623-E16D3C5C98BB}
		{8D8053B6-6FB1-441B-8064-3E013A1AD0F0} = {A380597E-9B3B-4087-8217-48ABE42643D4}
		{520EB335-A5EE-4340-A3F2-98697279AFF8} = {7369230F-0438-4ECB-ABC1-9509C5207BAA}
	EndGlobalSection
	GlobalSection(ProjectConfigurationPlatforms) = postSolution
		{343EB29C-D060-4890-BA1A-AD2A8B92A9E5}.Debug|Any CPU.ActiveCfg = Debug|Any CPU
		{343EB29C-D060-4890-BA1A-AD2A8B92A9E5}.Debug|Any CPU.Build.0 = Debug|Any CPU
		{343EB29C-D060-4890-BA1A-AD2A8B92A9E5}.Release|Any CPU.ActiveCfg = Release|Any CPU
		{343EB29C-D060-4890-BA1A-AD2A8B92A9E5}.Release|Any CPU.Build.0 = Release|Any CPU
		{8D8053B6-6FB1-441B-8064-3E013A1AD0F0}.Debug|Any CPU.ActiveCfg = Debug|Any CPU
		{8D8053B6-6FB1-441B-8064-3E013A1AD0F0}.Debug|Any CPU.Build.0 = Debug|Any CPU
		{8D8053B6-6FB1-441B-8064-3E013A1AD0F0}.Release|Any CPU.ActiveCfg = Release|Any CPU
		{8D8053B6-6FB1-441B-8064-3E013A1AD0F0}.Release|Any CPU.Build.0 = Release|Any CPU
		{520EB335-A5EE-4340-A3F2-98697279AFF8}.Debug|Any CPU.ActiveCfg = Debug|Any CPU
		{520EB335-A5EE-4340-A3F2-98697279AFF8}.Debug|Any CPU.Build.0 = Debug|Any CPU
		{520EB335-A5EE-4340-A3F2-98697279AFF8}.Release|Any CPU.ActiveCfg = Release|Any CPU
		{520EB335-A5EE-4340-A3F2-98697279AFF8}.Release|Any CPU.Build.0 = Release|Any CPU
	EndGlobalSection
EndGlobal
