
Microsoft Visual Studio Solution File, Format Version 12.00
Project("{2150E333-8FDC-42A3-9474-1A3956D46DE8}") = "src", "src", "{5D9BEBD2-44FE-4B6E-B13E-9D1FA5BF6213}"
EndProject
Project("{2150E333-8FDC-42A3-9474-1A3956D46DE8}") = "Services", "Services", "{56DFD005-0B70-4429-97A4-DC793C5BA8DC}"
EndProject
Project("{2150E333-8FDC-42A3-9474-1A3956D46DE8}") = "StudentService", "StudentService", "{67443A82-912D-48E5-8623-E16D3C5C98BB}"
EndProject
Project("{2150E333-8FDC-42A3-9474-1A3956D46DE8}") = "Domain", "Domain", "{4E8FD0C8-43CF-47FB-A482-E903DA07C7D5}"
EndProject
Project("{FAE04EC0-301F-11D3-BF4B-00C04F79EFBC}") = "Eduhub.StudentService.Domain", "src\Services\StudentService\Domain\Eduhub.StudentService.Domain\Eduhub.StudentService.Domain.csproj", "{343EB29C-D060-4890-BA1A-AD2A8B92A9E5}"
EndProject
Project("{2150E333-8FDC-42A3-9474-1A3956D46DE8}") = "Tests", "Tests", "{7369230F-0438-4ECB-ABC1-9509C5207BAA}"
EndProject
Project("{FAE04EC0-301F-11D3-BF4B-00C04F79EFBC}") = "EduHub.StudentService.Tests.Unit", "Tests\EduHub.StudentService.Tests.Unit\EduHub.StudentService.Tests.Unit.csproj", "{0A93F55E-D9BF-493E-B62A-9817956EBB9E}"
EndProject
Global
	GlobalSection(SolutionConfigurationPlatforms) = preSolution
		Debug|Any CPU = Debug|Any CPU
		Release|Any CPU = Release|Any CPU
	EndGlobalSection
	GlobalSection(NestedProjects) = preSolution
		{56DFD005-0B70-4429-97A4-DC793C5BA8DC} = {5D9BEBD2-44FE-4B6E-B13E-9D1FA5BF6213}
		{67443A82-912D-48E5-8623-E16D3C5C98BB} = {56DFD005-0B70-4429-97A4-DC793C5BA8DC}
		{4E8FD0C8-43CF-47FB-A482-E903DA07C7D5} = {67443A82-912D-48E5-8623-E16D3C5C98BB}
		{343EB29C-D060-4890-BA1A-AD2A8B92A9E5} = {4E8FD0C8-43CF-47FB-A482-E903DA07C7D5}
		{0A93F55E-D9BF-493E-B62A-9817956EBB9E} = {7369230F-0438-4ECB-ABC1-9509C5207BAA}
	EndGlobalSection
	GlobalSection(ProjectConfigurationPlatforms) = postSolution
		{343EB29C-D060-4890-BA1A-AD2A8B92A9E5}.Debug|Any CPU.ActiveCfg = Debug|Any CPU
		{343EB29C-D060-4890-BA1A-AD2A8B92A9E5}.Debug|Any CPU.Build.0 = Debug|Any CPU
		{343EB29C-D060-4890-BA1A-AD2A8B92A9E5}.Release|Any CPU.ActiveCfg = Release|Any CPU
		{343EB29C-D060-4890-BA1A-AD2A8B92A9E5}.Release|Any CPU.Build.0 = Release|Any CPU
		{0A93F55E-D9BF-493E-B62A-9817956EBB9E}.Debug|Any CPU.ActiveCfg = Debug|Any CPU
		{0A93F55E-D9BF-493E-B62A-9817956EBB9E}.Debug|Any CPU.Build.0 = Debug|Any CPU
		{0A93F55E-D9BF-493E-B62A-9817956EBB9E}.Release|Any CPU.ActiveCfg = Release|Any CPU
		{0A93F55E-D9BF-493E-B62A-9817956EBB9E}.Release|Any CPU.Build.0 = Release|Any CPU
	EndGlobalSection
EndGlobal
